<?xml version="1.0" encoding="utf-8"?>
<Project ToolsVersion="4.0" xmlns="http://schemas.microsoft.com/developer/msbuild/2003">
  <ItemGroup>
    <ClInclude Include="stdafx.h" />
    <ClInclude Include="targetver.h" />
    <ClInclude Include="Math\BoundingPlane.h">
      <Filter>Math</Filter>
    </ClInclude>
    <ClInclude Include="Math\BoundingSphere.h">
      <Filter>Math</Filter>
    </ClInclude>
    <ClInclude Include="Math\Common.h">
      <Filter>Math</Filter>
    </ClInclude>
    <ClInclude Include="Math\Matrix3.h">
      <Filter>Math</Filter>
    </ClInclude>
    <ClInclude Include="Math\Matrix4.h">
      <Filter>Math</Filter>
    </ClInclude>
    <ClInclude Include="Math\Quaternion.h">
      <Filter>Math</Filter>
    </ClInclude>
    <ClInclude Include="Math\Random.h">
      <Filter>Math</Filter>
    </ClInclude>
    <ClInclude Include="Math\Scalar.h">
      <Filter>Math</Filter>
    </ClInclude>
    <ClInclude Include="Math\Transform.h">
      <Filter>Math</Filter>
    </ClInclude>
    <ClInclude Include="Math\Vector.h">
      <Filter>Math</Filter>
    </ClInclude>
    <ClInclude Include="VectorMath.h" />
    <ClInclude Include="Timer.h" />
    <ClInclude Include="IPrimitive.h">
      <Filter>RayTracer</Filter>
    </ClInclude>
    <ClInclude Include="Ray.h">
      <Filter>RayTracer</Filter>
    </ClInclude>
    <ClInclude Include="Scene.h">
      <Filter>RayTracer</Filter>
    </ClInclude>
    <ClInclude Include="Sphere.h">
      <Filter>RayTracer</Filter>
    </ClInclude>
    <ClInclude Include="Camera.h" />
    <ClInclude Include="IMaterial.h">
      <Filter>RayTracer</Filter>
    </ClInclude>
    <ClInclude Include="Lambertian.h">
      <Filter>RayTracer</Filter>
    </ClInclude>
    <ClInclude Include="Sampling.h" />
    <ClInclude Include="Metal.h">
      <Filter>RayTracer</Filter>
    </ClInclude>
    <ClInclude Include="Dielectric.h">
      <Filter>RayTracer</Filter>
    </ClInclude>
  </ItemGroup>
  <ItemGroup>
    <ClCompile Include="stdafx.cpp" />
    <ClCompile Include="Main.cpp" />
    <ClCompile Include="Math\Random.cpp">
      <Filter>Math</Filter>
    </ClCompile>
    <ClCompile Include="Timer.cpp" />
    <ClCompile Include="Scene.cpp">
      <Filter>RayTracer</Filter>
    </ClCompile>
    <ClCompile Include="Sphere.cpp">
      <Filter>RayTracer</Filter>
    </ClCompile>
    <ClCompile Include="Camera.cpp" />
    <ClCompile Include="Lambertian.cpp">
      <Filter>Math</Filter>
    </ClCompile>
    <ClCompile Include="Sampling.cpp" />
    <ClCompile Include="Metal.cpp">
      <Filter>RayTracer</Filter>
    </ClCompile>
    <ClCompile Include="Dielectric.cpp">
      <Filter>RayTracer</Filter>
    </ClCompile>
  </ItemGroup>
  <ItemGroup>
    <Filter Include="Math">
      <UniqueIdentifier>{c24a70d1-2ef5-4e2f-8ee3-1e4588e3b5be}</UniqueIdentifier>
    </Filter>
    <Filter Include="RayTracer">
      <UniqueIdentifier>{e2f0e1a8-432e-4f69-a2b7-2400dba59ebf}</UniqueIdentifier>
    </Filter>
  </ItemGroup>
  <ItemGroup>
    <None Include="Math\Functions.inl">
      <Filter>Math</Filter>
    </None>
  </ItemGroup>
</Project>