<?xml version="1.0" encoding="utf-8"?>
<Project ToolsVersion="4.0" xmlns="http://schemas.microsoft.com/developer/msbuild/2003">
  <ItemGroup>
    <ClCompile Include="MainEmbree.cpp" />
    <ClCompile Include="stdafx.cpp" />
    <ClCompile Include="Math\Random.cpp">
      <Filter>Math</Filter>
    </ClCompile>
    <ClCompile Include="Image.cpp">
      <Filter>RayTracer</Filter>
    </ClCompile>
    <ClCompile Include="Sphere.cpp">
      <Filter>RayTracer</Filter>
    </ClCompile>
    <ClCompile Include="Camera.cpp" />
    <ClCompile Include="Sampling.cpp" />
    <ClCompile Include="Timer.cpp" />
    <ClCompile Include="MaterialSet.cpp">
      <Filter>RayTracer</Filter>
    </ClCompile>
  </ItemGroup>
  <ItemGroup>
    <Filter Include="Math">
      <UniqueIdentifier>{c760bef2-6543-4e1e-89c7-e11ea551de5a}</UniqueIdentifier>
    </Filter>
    <Filter Include="RayTracer">
      <UniqueIdentifier>{aaeb1ca0-ee18-4d9b-a94d-7feff1a850dc}</UniqueIdentifier>
    </Filter>
  </ItemGroup>
  <ItemGroup>
    <ClInclude Include="stdafx.h" />
    <ClInclude Include="targetver.h" />
    <ClInclude Include="Math\BoundingPlane.h">
      <Filter>Math</Filter>
    </ClInclude>
    <ClInclude Include="Math\BoundingSphere.h">
      <Filter>Math</Filter>
    </ClInclude>
    <ClInclude Include="Math\Common.h">
      <Filter>Math</Filter>
    </ClInclude>
    <ClInclude Include="Math\Matrix3.h">
      <Filter>Math</Filter>
    </ClInclude>
    <ClInclude Include="Math\Matrix4.h">
      <Filter>Math</Filter>
    </ClInclude>
    <ClInclude Include="Math\Quaternion.h">
      <Filter>Math</Filter>
    </ClInclude>
    <ClInclude Include="Math\Random.h">
      <Filter>Math</Filter>
    </ClInclude>
    <ClInclude Include="Math\Scalar.h">
      <Filter>Math</Filter>
    </ClInclude>
    <ClInclude Include="Math\Transform.h">
      <Filter>Math</Filter>
    </ClInclude>
    <ClInclude Include="Math\Vector.h">
      <Filter>Math</Filter>
    </ClInclude>
    <ClInclude Include="Image.h">
      <Filter>RayTracer</Filter>
    </ClInclude>
    <ClInclude Include="IPrimitive.h">
      <Filter>RayTracer</Filter>
    </ClInclude>
    <ClInclude Include="Ray.h">
      <Filter>RayTracer</Filter>
    </ClInclude>
    <ClInclude Include="Sphere.h">
      <Filter>RayTracer</Filter>
    </ClInclude>
    <ClInclude Include="Camera.h" />
    <ClInclude Include="Sampling.h" />
    <ClInclude Include="Timer.h" />
    <ClInclude Include="VectorMath.h" />
    <ClInclude Include="MaterialSet.h">
      <Filter>RayTracer</Filter>
    </ClInclude>
  </ItemGroup>
  <ItemGroup>
    <None Include="Math\Functions.inl">
      <Filter>Math</Filter>
    </None>
  </ItemGroup>
</Project>