<?xml version="1.0" encoding="utf-8"?>
<Project ToolsVersion="4.0" xmlns="http://schemas.microsoft.com/developer/msbuild/2003">
  <ItemGroup>
    <Filter Include="Core">
      <UniqueIdentifier>{d225ef29-79f1-4b6e-bb65-284ff70fbd56}</UniqueIdentifier>
    </Filter>
    <Filter Include="Math">
      <UniqueIdentifier>{a8542d19-b454-4bc7-ba51-8adcb2c8f96e}</UniqueIdentifier>
    </Filter>
    <Filter Include="Simd">
      <UniqueIdentifier>{16834577-386e-4ad1-b2bf-b8a36b49eb1a}</UniqueIdentifier>
    </Filter>
    <Filter Include="Simd\SSE4">
      <UniqueIdentifier>{65d52b3b-ab04-44a9-83eb-3d692cc6feaf}</UniqueIdentifier>
    </Filter>
    <Filter Include="Simd\AVX">
      <UniqueIdentifier>{4661e7df-2f79-40d8-9a83-12020fb13938}</UniqueIdentifier>
    </Filter>
  </ItemGroup>
  <ItemGroup>
    <ClInclude Include="Math\BoundingPlane.h">
      <Filter>Math</Filter>
    </ClInclude>
    <ClInclude Include="Math\BoundingSphere.h">
      <Filter>Math</Filter>
    </ClInclude>
    <ClInclude Include="Math\Common.h">
      <Filter>Math</Filter>
    </ClInclude>
    <ClInclude Include="Math\Matrix3.h">
      <Filter>Math</Filter>
    </ClInclude>
    <ClInclude Include="Math\Matrix4.h">
      <Filter>Math</Filter>
    </ClInclude>
    <ClInclude Include="Math\Quaternion.h">
      <Filter>Math</Filter>
    </ClInclude>
    <ClInclude Include="Math\Random.h">
      <Filter>Math</Filter>
    </ClInclude>
    <ClInclude Include="Math\Scalar.h">
      <Filter>Math</Filter>
    </ClInclude>
    <ClInclude Include="Math\Transform.h">
      <Filter>Math</Filter>
    </ClInclude>
    <ClInclude Include="Math\Vector.h">
      <Filter>Math</Filter>
    </ClInclude>
    <ClInclude Include="Camera.h">
      <Filter>Core</Filter>
    </ClInclude>
    <ClInclude Include="Image.h">
      <Filter>Core</Filter>
    </ClInclude>
    <ClInclude Include="IPrimitive.h">
      <Filter>Core</Filter>
    </ClInclude>
    <ClInclude Include="MaterialSet.h">
      <Filter>Core</Filter>
    </ClInclude>
    <ClInclude Include="Ray.h">
      <Filter>Core</Filter>
    </ClInclude>
    <ClInclude Include="Sampling.h">
      <Filter>Core</Filter>
    </ClInclude>
    <ClInclude Include="Scene.h">
      <Filter>Core</Filter>
    </ClInclude>
    <ClInclude Include="Sphere.h">
      <Filter>Core</Filter>
    </ClInclude>
    <ClInclude Include="Timer.h">
      <Filter>Core</Filter>
    </ClInclude>
    <ClInclude Include="VectorMath.h" />
    <ClInclude Include="stdafx.h" />
    <ClInclude Include="targetver.h" />
    <ClInclude Include="IAccelerator.h">
      <Filter>Core</Filter>
    </ClInclude>
    <ClInclude Include="Enums.h">
      <Filter>Core</Filter>
    </ClInclude>
    <ClInclude Include="SphereAccel.h">
      <Filter>Core</Filter>
    </ClInclude>
    <ClInclude Include="Simd\Simd.h">
      <Filter>Simd</Filter>
    </ClInclude>
    <ClInclude Include="Simd\Sse.h">
      <Filter>Simd\SSE4</Filter>
    </ClInclude>
    <ClInclude Include="Simd\Bool4.h">
      <Filter>Simd\SSE4</Filter>
    </ClInclude>
    <ClInclude Include="Simd\Float4.h">
      <Filter>Simd\SSE4</Filter>
    </ClInclude>
    <ClInclude Include="Simd\Int4.h">
      <Filter>Simd\SSE4</Filter>
    </ClInclude>
    <ClInclude Include="Simd\Avx.h">
      <Filter>Simd\AVX</Filter>
    </ClInclude>
    <ClInclude Include="Ray4.h">
      <Filter>Core</Filter>
    </ClInclude>
    <ClInclude Include="Simd\UInt4.h">
      <Filter>Simd\SSE4</Filter>
    </ClInclude>
    <ClInclude Include="Simd\Bool8.h">
      <Filter>Simd\AVX</Filter>
    </ClInclude>
    <ClInclude Include="Simd\Int8.h">
      <Filter>Simd\AVX</Filter>
    </ClInclude>
    <ClInclude Include="Simd\UInt8.h">
      <Filter>Simd\AVX</Filter>
    </ClInclude>
    <ClInclude Include="Simd\Float8.h">
      <Filter>Simd\AVX</Filter>
    </ClInclude>
    <ClInclude Include="Alloc.h">
      <Filter>Core</Filter>
    </ClInclude>
  </ItemGroup>
  <ItemGroup>
    <None Include="Math\Functions.inl">
      <Filter>Math</Filter>
    </None>
  </ItemGroup>
  <ItemGroup>
    <ClCompile Include="Math\Random.cpp">
      <Filter>Math</Filter>
    </ClCompile>
    <ClCompile Include="Camera.cpp">
      <Filter>Core</Filter>
    </ClCompile>
    <ClCompile Include="Image.cpp">
      <Filter>Core</Filter>
    </ClCompile>
    <ClCompile Include="MaterialSet.cpp">
      <Filter>Core</Filter>
    </ClCompile>
    <ClCompile Include="Sampling.cpp">
      <Filter>Core</Filter>
    </ClCompile>
    <ClCompile Include="Scene.cpp">
      <Filter>Core</Filter>
    </ClCompile>
    <ClCompile Include="Sphere.cpp">
      <Filter>Core</Filter>
    </ClCompile>
    <ClCompile Include="Timer.cpp">
      <Filter>Core</Filter>
    </ClCompile>
    <ClCompile Include="stdafx.cpp" />
    <ClCompile Include="SphereAccel.cpp">
      <Filter>Core</Filter>
    </ClCompile>
    <ClCompile Include="Simd\Sse.cpp">
      <Filter>Simd\SSE4</Filter>
    </ClCompile>
  </ItemGroup>
</Project>